
Microsoft Visual Studio Solution File, Format Version 12.00
# Visual Studio Version 16
VisualStudioVersion = 16.0.29102.190
MinimumVisualStudioVersion = 10.0.40219.1
Project("{FAE04EC0-301F-11D3-BF4B-00C04F79EFBC}") = "Demos.SharedCode", "Demos.SharedCode\Demos.SharedCode.csproj", "{694AADFF-960F-4B03-AC95-E9A4D8DC97E0}"
EndProject
Global
	GlobalSection(SolutionConfigurationPlatforms) = preSolution
		Debug|Any CPU = Debug|Any CPU
		Release|Any CPU = Release|Any CPU
	EndGlobalSection
	GlobalSection(ProjectConfigurationPlatforms) = postSolution
		{694AADFF-960F-4B03-AC95-E9A4D8DC97E0}.Debug|Any CPU.ActiveCfg = Debug|Any CPU
		{694AADFF-960F-4B03-AC95-E9A4D8DC97E0}.Debug|Any CPU.Build.0 = Debug|Any CPU
		{694AADFF-960F-4B03-AC95-E9A4D8DC97E0}.Release|Any CPU.ActiveCfg = Release|Any CPU
		{694AADFF-960F-4B03-AC95-E9A4D8DC97E0}.Release|Any CPU.Build.0 = Release|Any CPU
	EndGlobalSection
	GlobalSection(SolutionProperties) = preSolution
		HideSolutionNode = FALSE
	EndGlobalSection
	GlobalSection(ExtensibilityGlobals) = postSolution
		SolutionGuid = {E9805867-F753-4022-BEDA-C3FE65BAE64E}
	EndGlobalSection
EndGlobal
